dependencies:
- name: minio
  repository: https://charts.bitnami.com/bitnami
  version: 12.2.6
- name: common
  repository: https://szpadel.github.io/library-charts
  version: 0.6.2
- name: redis
  repository: https://charts.bitnami.com/bitnami
  version: 17.9.5
digest: sha256:946ec8183bf44a256764d44e3af1afb71fb73405efb4d2cac141482181e01bc2
generated: "2023-04-17T18:01:10.111607449Z"
