dependencies:
- name: minio
  repository: https://charts.bitnami.com/bitnami
  version: 12.10.6
- name: common
  repository: https://szpadel.github.io/library-charts
  version: 0.13.1
- name: redis
  repository: https://charts.bitnami.com/bitnami
  version: 17.17.1
digest: sha256:edefda51251f3e4e9129dc6add7ed27f53cfdc51a668c2104ca3c209ae5f970b
generated: "2023-12-07T19:31:22.547995169Z"
