dependencies:
- name: minio
  repository: https://charts.bitnami.com/bitnami
  version: 12.4.3
- name: common
  repository: https://szpadel.github.io/library-charts
  version: 0.6.2
- name: redis
  repository: https://charts.bitnami.com/bitnami
  version: 17.10.3
digest: sha256:5a1fb6f2a56c9379db524082a79a9a224ca92026c306315895fff83fe793bdfd
generated: "2023-05-09T15:01:22.073177235Z"
