dependencies:
- name: common
  repository: https://szpadel.github.io/library-charts
  version: 0.19.2
- name: mariadb
  repository: https://charts.bitnami.com/bitnami
  version: 11.5.7
- name: memcached
  repository: https://charts.bitnami.com/bitnami
  version: 6.14.0
- name: elasticsearch
  repository: https://charts.bitnami.com/bitnami
  version: 19.21.2
digest: sha256:03a4000d5a05d7143501baf7c2da956845e4eee952d157b44806a564ef9587bf
generated: "2024-03-22T10:17:11.182373041Z"
