dependencies:
- name: common
  repository: https://szpadel.github.io/library-charts
  version: 0.13.2
- name: mariadb
  repository: https://charts.bitnami.com/bitnami
  version: 11.5.7
- name: memcached
  repository: https://charts.bitnami.com/bitnami
  version: 6.7.1
- name: elasticsearch
  repository: https://charts.bitnami.com/bitnami
  version: 19.13.14
digest: sha256:fb6fb0c90a0ca4a1817cfe5e351fd7da1bd85dd90c0938c3771249b12626b6f9
generated: "2023-12-14T01:32:09.063985038Z"
