dependencies:
- name: common
  repository: https://szpadel.github.io/library-charts
  version: 0.15.0
- name: mariadb
  repository: https://charts.bitnami.com/bitnami
  version: 11.5.7
- name: memcached
  repository: https://charts.bitnami.com/bitnami
  version: 6.8.1
- name: elasticsearch
  repository: https://charts.bitnami.com/bitnami
  version: 19.17.0
digest: sha256:d92318208252703654a78ef1f437364ce977f14c1c00a7caccfea5ec707ec0d0
generated: "2024-01-19T11:46:01.121392611Z"
